
Microsoft Visual Studio Solution File, Format Version 12.00
# Visual Studio Version 17
VisualStudioVersion = 17.13.35931.197 d17.13
MinimumVisualStudioVersion = 10.0.40219.1
Project("{FAE04EC0-301F-11D3-BF4B-00C04F79EFBC}") = "product", "product\product.csproj", "{203D836C-BA86-4321-A5E0-98F457DD7925}"
EndProject
Global
	GlobalSection(SolutionConfigurationPlatforms) = preSolution
		Debug|Any CPU = Debug|Any CPU
		Release|Any CPU = Release|Any CPU
	EndGlobalSection
	GlobalSection(ProjectConfigurationPlatforms) = postSolution
		{203D836C-BA86-4321-A5E0-98F457DD7925}.Debug|Any CPU.ActiveCfg = Debug|Any CPU
		{203D836C-BA86-4321-A5E0-98F457DD7925}.Debug|Any CPU.Build.0 = Debug|Any CPU
		{203D836C-BA86-4321-A5E0-98F457DD7925}.Release|Any CPU.ActiveCfg = Release|Any CPU
		{203D836C-BA86-4321-A5E0-98F457DD7925}.Release|Any CPU.Build.0 = Release|Any CPU
	EndGlobalSection
	GlobalSection(SolutionProperties) = preSolution
		HideSolutionNode = FALSE
	EndGlobalSection
	GlobalSection(ExtensibilityGlobals) = postSolution
		SolutionGuid = {47545B87-6A06-4F64-BBEA-2BF58423EBC8}
	EndGlobalSection
EndGlobal
